// !$*UTF8*$!
{
	archiveVersion = 1;
	classes = {
	};
	objectVersion = 56;
	objects = {

/* Begin PBXBuildFile section */
		331A57462AC2844A0044A94C /* SnapKit in Frameworks */ = {isa = PBXBuildFile; productRef = 331A57452AC2844A0044A94C /* SnapKit */; };
		331A574B2AC284940044A94C /* Publishable in Frameworks */ = {isa = PBXBuildFile; productRef = 331A574A2AC284940044A94C /* Publishable */; };
		331A574E2AC284E00044A94C /* EventBus in Frameworks */ = {isa = PBXBuildFile; productRef = 331A574D2AC284E00044A94C /* EventBus */; };
		331A57512AC2857B0044A94C /* RootViewController.swift in Sources */ = {isa = PBXBuildFile; fileRef = 331A57502AC2857B0044A94C /* RootViewController.swift */; };
		331A57542AC285AF0044A94C /* RootView.swift in Sources */ = {isa = PBXBuildFile; fileRef = 331A57532AC285AF0044A94C /* RootView.swift */; };
		331A57562AC28B3D0044A94C /* HomeView.swift in Sources */ = {isa = PBXBuildFile; fileRef = 331A57552AC28B3D0044A94C /* HomeView.swift */; };
		331A57592AC28BFC0044A94C /* HomeViewController.swift in Sources */ = {isa = PBXBuildFile; fileRef = 331A57582AC28BFC0044A94C /* HomeViewController.swift */; };
		331A575D2AC28C900044A94C /* SettingView.swift in Sources */ = {isa = PBXBuildFile; fileRef = 331A575C2AC28C900044A94C /* SettingView.swift */; };
		331A575F2AC28CA60044A94C /* SettingViewController.swift in Sources */ = {isa = PBXBuildFile; fileRef = 331A575E2AC28CA60044A94C /* SettingViewController.swift */; };
		331A57612AC291270044A94C /* StudyViewController.swift in Sources */ = {isa = PBXBuildFile; fileRef = 331A57602AC291270044A94C /* StudyViewController.swift */; };
		331A57632AC2913C0044A94C /* StudyView.swift in Sources */ = {isa = PBXBuildFile; fileRef = 331A57622AC2913C0044A94C /* StudyView.swift */; };
		331A57672AC2958C0044A94C /* UIViewController+Ext.swift in Sources */ = {isa = PBXBuildFile; fileRef = 331A57662AC2958C0044A94C /* UIViewController+Ext.swift */; };
		331A576B2AC2961A0044A94C /* DeckModel.swift in Sources */ = {isa = PBXBuildFile; fileRef = 331A576A2AC2961A0044A94C /* DeckModel.swift */; };
		331A576D2AC2969B0044A94C /* Deck.swift in Sources */ = {isa = PBXBuildFile; fileRef = 331A576C2AC2969B0044A94C /* Deck.swift */; };
		331A57702AC296FD0044A94C /* Storage.swift in Sources */ = {isa = PBXBuildFile; fileRef = 331A576F2AC296FD0044A94C /* Storage.swift */; };
		331A57722AC297160044A94C /* UserDefaultsStorage.swift in Sources */ = {isa = PBXBuildFile; fileRef = 331A57712AC297160044A94C /* UserDefaultsStorage.swift */; };
		331A57742AC297350044A94C /* UIView+Ext.swift in Sources */ = {isa = PBXBuildFile; fileRef = 331A57732AC297350044A94C /* UIView+Ext.swift */; };
		331A57762AC2975A0044A94C /* UIResponder+Ext.swift in Sources */ = {isa = PBXBuildFile; fileRef = 331A57752AC2975A0044A94C /* UIResponder+Ext.swift */; };
		331A57782AC297720044A94C /* KeyboardHandler.swift in Sources */ = {isa = PBXBuildFile; fileRef = 331A57772AC297720044A94C /* KeyboardHandler.swift */; };
		331A577F2AC299120044A94C /* DeckService.swift in Sources */ = {isa = PBXBuildFile; fileRef = 331A577E2AC299120044A94C /* DeckService.swift */; };
		331A57812AC2991A0044A94C /* SettingService.swift in Sources */ = {isa = PBXBuildFile; fileRef = 331A57802AC2991A0044A94C /* SettingService.swift */; };
		331A57832AC2996B0044A94C /* SettingModel.swift in Sources */ = {isa = PBXBuildFile; fileRef = 331A57822AC2996B0044A94C /* SettingModel.swift */; };
		333551292AC282130025C29E /* AppDelegate.swift in Sources */ = {isa = PBXBuildFile; fileRef = 333551282AC282130025C29E /* AppDelegate.swift */; };
		3335512B2AC282130025C29E /* SceneDelegate.swift in Sources */ = {isa = PBXBuildFile; fileRef = 3335512A2AC282130025C29E /* SceneDelegate.swift */; };
		3335512D2AC282130025C29E /* MainViewController.swift in Sources */ = {isa = PBXBuildFile; fileRef = 3335512C2AC282130025C29E /* MainViewController.swift */; };
		333551332AC282130025C29E /* CoreData.xcdatamodeld in Sources */ = {isa = PBXBuildFile; fileRef = 333551312AC282130025C29E /* CoreData.xcdatamodeld */; };
		333551352AC282140025C29E /* Assets.xcassets in Resources */ = {isa = PBXBuildFile; fileRef = 333551342AC282140025C29E /* Assets.xcassets */; };
		333551382AC282140025C29E /* LaunchScreen.storyboard in Resources */ = {isa = PBXBuildFile; fileRef = 333551362AC282140025C29E /* LaunchScreen.storyboard */; };
		C39346102AC9CE06005DF1D3 /* WordCardView.swift in Sources */ = {isa = PBXBuildFile; fileRef = C393460F2AC9CE06005DF1D3 /* WordCardView.swift */; };
		C39346122AC9CFDD005DF1D3 /* WordAnswerCardView.swift in Sources */ = {isa = PBXBuildFile; fileRef = C39346112AC9CFDD005DF1D3 /* WordAnswerCardView.swift */; };
		C39346142ACA795F005DF1D3 /* TimeStackView.swift in Sources */ = {isa = PBXBuildFile; fileRef = C39346132ACA795F005DF1D3 /* TimeStackView.swift */; };
/* End PBXBuildFile section */

/* Begin PBXFileReference section */
		331A57502AC2857B0044A94C /* RootViewController.swift */ = {isa = PBXFileReference; lastKnownFileType = sourcecode.swift; path = RootViewController.swift; sourceTree = "<group>"; };
		331A57532AC285AF0044A94C /* RootView.swift */ = {isa = PBXFileReference; lastKnownFileType = sourcecode.swift; path = RootView.swift; sourceTree = "<group>"; };
		331A57552AC28B3D0044A94C /* HomeView.swift */ = {isa = PBXFileReference; lastKnownFileType = sourcecode.swift; path = HomeView.swift; sourceTree = "<group>"; };
		331A57582AC28BFC0044A94C /* HomeViewController.swift */ = {isa = PBXFileReference; lastKnownFileType = sourcecode.swift; path = HomeViewController.swift; sourceTree = "<group>"; };
		331A575C2AC28C900044A94C /* SettingView.swift */ = {isa = PBXFileReference; lastKnownFileType = sourcecode.swift; path = SettingView.swift; sourceTree = "<group>"; };
		331A575E2AC28CA60044A94C /* SettingViewController.swift */ = {isa = PBXFileReference; lastKnownFileType = sourcecode.swift; path = SettingViewController.swift; sourceTree = "<group>"; };
		331A57602AC291270044A94C /* StudyViewController.swift */ = {isa = PBXFileReference; lastKnownFileType = sourcecode.swift; path = StudyViewController.swift; sourceTree = "<group>"; };
		331A57622AC2913C0044A94C /* StudyView.swift */ = {isa = PBXFileReference; lastKnownFileType = sourcecode.swift; path = StudyView.swift; sourceTree = "<group>"; };
		331A57662AC2958C0044A94C /* UIViewController+Ext.swift */ = {isa = PBXFileReference; lastKnownFileType = sourcecode.swift; path = "UIViewController+Ext.swift"; sourceTree = "<group>"; };
		331A576A2AC2961A0044A94C /* DeckModel.swift */ = {isa = PBXFileReference; lastKnownFileType = sourcecode.swift; path = DeckModel.swift; sourceTree = "<group>"; };
		331A576C2AC2969B0044A94C /* Deck.swift */ = {isa = PBXFileReference; lastKnownFileType = sourcecode.swift; path = Deck.swift; sourceTree = "<group>"; };
		331A576F2AC296FD0044A94C /* Storage.swift */ = {isa = PBXFileReference; lastKnownFileType = sourcecode.swift; path = Storage.swift; sourceTree = "<group>"; };
		331A57712AC297160044A94C /* UserDefaultsStorage.swift */ = {isa = PBXFileReference; lastKnownFileType = sourcecode.swift; path = UserDefaultsStorage.swift; sourceTree = "<group>"; };
		331A57732AC297350044A94C /* UIView+Ext.swift */ = {isa = PBXFileReference; lastKnownFileType = sourcecode.swift; path = "UIView+Ext.swift"; sourceTree = "<group>"; };
		331A57752AC2975A0044A94C /* UIResponder+Ext.swift */ = {isa = PBXFileReference; lastKnownFileType = sourcecode.swift; path = "UIResponder+Ext.swift"; sourceTree = "<group>"; };
		331A57772AC297720044A94C /* KeyboardHandler.swift */ = {isa = PBXFileReference; lastKnownFileType = sourcecode.swift; path = KeyboardHandler.swift; sourceTree = "<group>"; };
		331A577E2AC299120044A94C /* DeckService.swift */ = {isa = PBXFileReference; lastKnownFileType = sourcecode.swift; path = DeckService.swift; sourceTree = "<group>"; };
		331A57802AC2991A0044A94C /* SettingService.swift */ = {isa = PBXFileReference; lastKnownFileType = sourcecode.swift; path = SettingService.swift; sourceTree = "<group>"; };
		331A57822AC2996B0044A94C /* SettingModel.swift */ = {isa = PBXFileReference; lastKnownFileType = sourcecode.swift; path = SettingModel.swift; sourceTree = "<group>"; };
		333551252AC282130025C29E /* AnkiCloneApp.app */ = {isa = PBXFileReference; explicitFileType = wrapper.application; includeInIndex = 0; path = AnkiCloneApp.app; sourceTree = BUILT_PRODUCTS_DIR; };
		333551282AC282130025C29E /* AppDelegate.swift */ = {isa = PBXFileReference; lastKnownFileType = sourcecode.swift; path = AppDelegate.swift; sourceTree = "<group>"; };
		3335512A2AC282130025C29E /* SceneDelegate.swift */ = {isa = PBXFileReference; lastKnownFileType = sourcecode.swift; path = SceneDelegate.swift; sourceTree = "<group>"; };
		3335512C2AC282130025C29E /* MainViewController.swift */ = {isa = PBXFileReference; lastKnownFileType = sourcecode.swift; path = MainViewController.swift; sourceTree = "<group>"; };
		333551322AC282130025C29E /* AnkiCloneApp.xcdatamodel */ = {isa = PBXFileReference; lastKnownFileType = wrapper.xcdatamodel; path = AnkiCloneApp.xcdatamodel; sourceTree = "<group>"; };
		333551342AC282140025C29E /* Assets.xcassets */ = {isa = PBXFileReference; lastKnownFileType = folder.assetcatalog; path = Assets.xcassets; sourceTree = "<group>"; };
		333551372AC282140025C29E /* Base */ = {isa = PBXFileReference; lastKnownFileType = file.storyboard; name = Base; path = Base.lproj/LaunchScreen.storyboard; sourceTree = "<group>"; };
		333551392AC282140025C29E /* Info.plist */ = {isa = PBXFileReference; lastKnownFileType = text.plist.xml; path = Info.plist; sourceTree = "<group>"; };
		C393460F2AC9CE06005DF1D3 /* WordCardView.swift */ = {isa = PBXFileReference; lastKnownFileType = sourcecode.swift; path = WordCardView.swift; sourceTree = "<group>"; };
		C39346112AC9CFDD005DF1D3 /* WordAnswerCardView.swift */ = {isa = PBXFileReference; lastKnownFileType = sourcecode.swift; path = WordAnswerCardView.swift; sourceTree = "<group>"; };
		C39346132ACA795F005DF1D3 /* TimeStackView.swift */ = {isa = PBXFileReference; lastKnownFileType = sourcecode.swift; path = TimeStackView.swift; sourceTree = "<group>"; };
/* End PBXFileReference section */

/* Begin PBXFrameworksBuildPhase section */
		333551222AC282130025C29E /* Frameworks */ = {
			isa = PBXFrameworksBuildPhase;
			buildActionMask = 2147483647;
			files = (
				331A574E2AC284E00044A94C /* EventBus in Frameworks */,
				331A57462AC2844A0044A94C /* SnapKit in Frameworks */,
				331A574B2AC284940044A94C /* Publishable in Frameworks */,
			);
			runOnlyForDeploymentPostprocessing = 0;
		};
/* End PBXFrameworksBuildPhase section */

/* Begin PBXGroup section */
		331A574F2AC2856F0044A94C /* Shared */ = {
			isa = PBXGroup;
			children = (
				331A57502AC2857B0044A94C /* RootViewController.swift */,
			);
			path = Shared;
			sourceTree = "<group>";
		};
		331A57522AC285A90044A94C /* Shared */ = {
			isa = PBXGroup;
			children = (
				331A57532AC285AF0044A94C /* RootView.swift */,
			);
			path = Shared;
			sourceTree = "<group>";
		};
		331A57572AC28B410044A94C /* HomeView */ = {
			isa = PBXGroup;
			children = (
				331A57552AC28B3D0044A94C /* HomeView.swift */,
			);
			path = HomeView;
			sourceTree = "<group>";
		};
		331A575A2AC28C6E0044A94C /* StudyView */ = {
			isa = PBXGroup;
			children = (
				331A57622AC2913C0044A94C /* StudyView.swift */,
				C393460F2AC9CE06005DF1D3 /* WordCardView.swift */,
				C39346112AC9CFDD005DF1D3 /* WordAnswerCardView.swift */,
				C39346132ACA795F005DF1D3 /* TimeStackView.swift */,
			);
			path = StudyView;
			sourceTree = "<group>";
		};
		331A575B2AC28C860044A94C /* SettingView */ = {
			isa = PBXGroup;
			children = (
				331A575C2AC28C900044A94C /* SettingView.swift */,
			);
			path = SettingView;
			sourceTree = "<group>";
		};
		331A57642AC295790044A94C /* Utilities */ = {
			isa = PBXGroup;
			children = (
				331A57652AC295810044A94C /* Extensions */,
				331A576E2AC296EF0044A94C /* Storage */,
				331A57772AC297720044A94C /* KeyboardHandler.swift */,
			);
			path = Utilities;
			sourceTree = "<group>";
		};
		331A57652AC295810044A94C /* Extensions */ = {
			isa = PBXGroup;
			children = (
				331A57732AC297350044A94C /* UIView+Ext.swift */,
				331A57662AC2958C0044A94C /* UIViewController+Ext.swift */,
				331A57752AC2975A0044A94C /* UIResponder+Ext.swift */,
			);
			path = Extensions;
			sourceTree = "<group>";
		};
		331A57682AC295FE0044A94C /* Models */ = {
			isa = PBXGroup;
			children = (
				331A576A2AC2961A0044A94C /* DeckModel.swift */,
				331A57822AC2996B0044A94C /* SettingModel.swift */,
			);
			path = Models;
			sourceTree = "<group>";
		};
		331A57692AC296050044A94C /* ViewModels */ = {
			isa = PBXGroup;
			children = (
				331A576C2AC2969B0044A94C /* Deck.swift */,
			);
			path = ViewModels;
			sourceTree = "<group>";
		};
		331A576E2AC296EF0044A94C /* Storage */ = {
			isa = PBXGroup;
			children = (
				331A576F2AC296FD0044A94C /* Storage.swift */,
				331A57712AC297160044A94C /* UserDefaultsStorage.swift */,
			);
			path = Storage;
			sourceTree = "<group>";
		};
		331A577D2AC299050044A94C /* Services */ = {
			isa = PBXGroup;
			children = (
				331A577E2AC299120044A94C /* DeckService.swift */,
				331A57802AC2991A0044A94C /* SettingService.swift */,
			);
			path = Services;
			sourceTree = "<group>";
		};
		3335511C2AC282130025C29E = {
			isa = PBXGroup;
			children = (
				333551272AC282130025C29E /* AnkiCloneApp */,
				333551262AC282130025C29E /* Products */,
			);
			sourceTree = "<group>";
		};
		333551262AC282130025C29E /* Products */ = {
			isa = PBXGroup;
			children = (
				333551252AC282130025C29E /* AnkiCloneApp.app */,
			);
			name = Products;
			sourceTree = "<group>";
		};
		333551272AC282130025C29E /* AnkiCloneApp */ = {
			isa = PBXGroup;
			children = (
				3335513F2AC282AF0025C29E /* Resources */,
				331A57682AC295FE0044A94C /* Models */,
				331A57692AC296050044A94C /* ViewModels */,
				331A577D2AC299050044A94C /* Services */,
				333551412AC282C10025C29E /* Views */,
				333551402AC282B90025C29E /* Controllers */,
				331A57642AC295790044A94C /* Utilities */,
				333551392AC282140025C29E /* Info.plist */,
			);
			path = AnkiCloneApp;
			sourceTree = "<group>";
		};
		3335513F2AC282AF0025C29E /* Resources */ = {
			isa = PBXGroup;
			children = (
				333551282AC282130025C29E /* AppDelegate.swift */,
				3335512A2AC282130025C29E /* SceneDelegate.swift */,
				333551342AC282140025C29E /* Assets.xcassets */,
				333551312AC282130025C29E /* CoreData.xcdatamodeld */,
			);
			path = Resources;
			sourceTree = "<group>";
		};
		333551402AC282B90025C29E /* Controllers */ = {
			isa = PBXGroup;
			children = (
				331A574F2AC2856F0044A94C /* Shared */,
				3335512C2AC282130025C29E /* MainViewController.swift */,
				331A57582AC28BFC0044A94C /* HomeViewController.swift */,
				331A575E2AC28CA60044A94C /* SettingViewController.swift */,
				331A57602AC291270044A94C /* StudyViewController.swift */,
			);
			path = Controllers;
			sourceTree = "<group>";
		};
		333551412AC282C10025C29E /* Views */ = {
			isa = PBXGroup;
			children = (
				333551362AC282140025C29E /* LaunchScreen.storyboard */,
				331A57522AC285A90044A94C /* Shared */,
				331A57572AC28B410044A94C /* HomeView */,
				331A575B2AC28C860044A94C /* SettingView */,
				331A575A2AC28C6E0044A94C /* StudyView */,
			);
			path = Views;
			sourceTree = "<group>";
		};
/* End PBXGroup section */

/* Begin PBXNativeTarget section */
		333551242AC282130025C29E /* AnkiCloneApp */ = {
			isa = PBXNativeTarget;
			buildConfigurationList = 3335513C2AC282140025C29E /* Build configuration list for PBXNativeTarget "AnkiCloneApp" */;
			buildPhases = (
				333551212AC282130025C29E /* Sources */,
				333551222AC282130025C29E /* Frameworks */,
				333551232AC282130025C29E /* Resources */,
			);
			buildRules = (
			);
			dependencies = (
			);
			name = AnkiCloneApp;
			packageProductDependencies = (
				331A57452AC2844A0044A94C /* SnapKit */,
				331A574A2AC284940044A94C /* Publishable */,
				331A574D2AC284E00044A94C /* EventBus */,
			);
			productName = AnkiCloneApp;
			productReference = 333551252AC282130025C29E /* AnkiCloneApp.app */;
			productType = "com.apple.product-type.application";
		};
/* End PBXNativeTarget section */

/* Begin PBXProject section */
		3335511D2AC282130025C29E /* Project object */ = {
			isa = PBXProject;
			attributes = {
				BuildIndependentTargetsInParallel = 1;
				LastSwiftUpdateCheck = 1500;
				LastUpgradeCheck = 1500;
				TargetAttributes = {
					333551242AC282130025C29E = {
						CreatedOnToolsVersion = 15.0;
					};
				};
			};
			buildConfigurationList = 333551202AC282130025C29E /* Build configuration list for PBXProject "AnkiCloneApp" */;
			compatibilityVersion = "Xcode 14.0";
			developmentRegion = en;
			hasScannedForEncodings = 0;
			knownRegions = (
				en,
				Base,
			);
			mainGroup = 3335511C2AC282130025C29E;
			packageReferences = (
				331A57442AC2844A0044A94C /* XCRemoteSwiftPackageReference "SnapKit" */,
				331A57492AC284940044A94C /* XCRemoteSwiftPackageReference "Publishable" */,
				331A574C2AC284E00044A94C /* XCRemoteSwiftPackageReference "EventBus" */,
			);
			productRefGroup = 333551262AC282130025C29E /* Products */;
			projectDirPath = "";
			projectRoot = "";
			targets = (
				333551242AC282130025C29E /* AnkiCloneApp */,
			);
		};
/* End PBXProject section */

/* Begin PBXResourcesBuildPhase section */
		333551232AC282130025C29E /* Resources */ = {
			isa = PBXResourcesBuildPhase;
			buildActionMask = 2147483647;
			files = (
				333551382AC282140025C29E /* LaunchScreen.storyboard in Resources */,
				333551352AC282140025C29E /* Assets.xcassets in Resources */,
			);
			runOnlyForDeploymentPostprocessing = 0;
		};
/* End PBXResourcesBuildPhase section */

/* Begin PBXSourcesBuildPhase section */
		333551212AC282130025C29E /* Sources */ = {
			isa = PBXSourcesBuildPhase;
			buildActionMask = 2147483647;
			files = (
				331A576B2AC2961A0044A94C /* DeckModel.swift in Sources */,
				331A57612AC291270044A94C /* StudyViewController.swift in Sources */,
				331A57672AC2958C0044A94C /* UIViewController+Ext.swift in Sources */,
				331A57512AC2857B0044A94C /* RootViewController.swift in Sources */,
				331A57562AC28B3D0044A94C /* HomeView.swift in Sources */,
				3335512D2AC282130025C29E /* MainViewController.swift in Sources */,
				C39346142ACA795F005DF1D3 /* TimeStackView.swift in Sources */,
				C39346102AC9CE06005DF1D3 /* WordCardView.swift in Sources */,
				331A575D2AC28C900044A94C /* SettingView.swift in Sources */,
				331A57592AC28BFC0044A94C /* HomeViewController.swift in Sources */,
				331A575F2AC28CA60044A94C /* SettingViewController.swift in Sources */,
				331A57542AC285AF0044A94C /* RootView.swift in Sources */,
				331A577F2AC299120044A94C /* DeckService.swift in Sources */,
				331A57762AC2975A0044A94C /* UIResponder+Ext.swift in Sources */,
				333551292AC282130025C29E /* AppDelegate.swift in Sources */,
				333551332AC282130025C29E /* CoreData.xcdatamodeld in Sources */,
				331A576D2AC2969B0044A94C /* Deck.swift in Sources */,
				C39346122AC9CFDD005DF1D3 /* WordAnswerCardView.swift in Sources */,
				331A57702AC296FD0044A94C /* Storage.swift in Sources */,
				331A57812AC2991A0044A94C /* SettingService.swift in Sources */,
				331A57782AC297720044A94C /* KeyboardHandler.swift in Sources */,
				331A57742AC297350044A94C /* UIView+Ext.swift in Sources */,
				331A57722AC297160044A94C /* UserDefaultsStorage.swift in Sources */,
				331A57632AC2913C0044A94C /* StudyView.swift in Sources */,
				3335512B2AC282130025C29E /* SceneDelegate.swift in Sources */,
				331A57832AC2996B0044A94C /* SettingModel.swift in Sources */,
			);
			runOnlyForDeploymentPostprocessing = 0;
		};
/* End PBXSourcesBuildPhase section */

/* Begin PBXVariantGroup section */
		333551362AC282140025C29E /* LaunchScreen.storyboard */ = {
			isa = PBXVariantGroup;
			children = (
				333551372AC282140025C29E /* Base */,
			);
			name = LaunchScreen.storyboard;
			sourceTree = "<group>";
		};
/* End PBXVariantGroup section */

/* Begin XCBuildConfiguration section */
		3335513A2AC282140025C29E /* Debug */ = {
			isa = XCBuildConfiguration;
			buildSettings = {
				ALWAYS_SEARCH_USER_PATHS = NO;
				ASSETCATALOG_COMPILER_GENERATE_SWIFT_ASSET_SYMBOL_EXTENSIONS = YES;
				CLANG_ANALYZER_NONNULL = YES;
				CLANG_ANALYZER_NUMBER_OBJECT_CONVERSION = YES_AGGRESSIVE;
				CLANG_CXX_LANGUAGE_STANDARD = "gnu++20";
				CLANG_ENABLE_MODULES = YES;
				CLANG_ENABLE_OBJC_ARC = YES;
				CLANG_ENABLE_OBJC_WEAK = YES;
				CLANG_WARN_BLOCK_CAPTURE_AUTORELEASING = YES;
				CLANG_WARN_BOOL_CONVERSION = YES;
				CLANG_WARN_COMMA = YES;
				CLANG_WARN_CONSTANT_CONVERSION = YES;
				CLANG_WARN_DEPRECATED_OBJC_IMPLEMENTATIONS = YES;
				CLANG_WARN_DIRECT_OBJC_ISA_USAGE = YES_ERROR;
				CLANG_WARN_DOCUMENTATION_COMMENTS = YES;
				CLANG_WARN_EMPTY_BODY = YES;
				CLANG_WARN_ENUM_CONVERSION = YES;
				CLANG_WARN_INFINITE_RECURSION = YES;
				CLANG_WARN_INT_CONVERSION = YES;
				CLANG_WARN_NON_LITERAL_NULL_CONVERSION = YES;
				CLANG_WARN_OBJC_IMPLICIT_RETAIN_SELF = YES;
				CLANG_WARN_OBJC_LITERAL_CONVERSION = YES;
				CLANG_WARN_OBJC_ROOT_CLASS = YES_ERROR;
				CLANG_WARN_QUOTED_INCLUDE_IN_FRAMEWORK_HEADER = YES;
				CLANG_WARN_RANGE_LOOP_ANALYSIS = YES;
				CLANG_WARN_STRICT_PROTOTYPES = YES;
				CLANG_WARN_SUSPICIOUS_MOVE = YES;
				CLANG_WARN_UNGUARDED_AVAILABILITY = YES_AGGRESSIVE;
				CLANG_WARN_UNREACHABLE_CODE = YES;
				CLANG_WARN__DUPLICATE_METHOD_MATCH = YES;
				COPY_PHASE_STRIP = NO;
				DEBUG_INFORMATION_FORMAT = dwarf;
				ENABLE_STRICT_OBJC_MSGSEND = YES;
				ENABLE_TESTABILITY = YES;
				ENABLE_USER_SCRIPT_SANDBOXING = YES;
				GCC_C_LANGUAGE_STANDARD = gnu17;
				GCC_DYNAMIC_NO_PIC = NO;
				GCC_NO_COMMON_BLOCKS = YES;
				GCC_OPTIMIZATION_LEVEL = 0;
				GCC_PREPROCESSOR_DEFINITIONS = (
					"DEBUG=1",
					"$(inherited)",
				);
				GCC_WARN_64_TO_32_BIT_CONVERSION = YES;
				GCC_WARN_ABOUT_RETURN_TYPE = YES_ERROR;
				GCC_WARN_UNDECLARED_SELECTOR = YES;
				GCC_WARN_UNINITIALIZED_AUTOS = YES_AGGRESSIVE;
				GCC_WARN_UNUSED_FUNCTION = YES;
				GCC_WARN_UNUSED_VARIABLE = YES;
				IPHONEOS_DEPLOYMENT_TARGET = 14.0;
				LOCALIZATION_PREFERS_STRING_CATALOGS = YES;
				MTL_ENABLE_DEBUG_INFO = INCLUDE_SOURCE;
				MTL_FAST_MATH = YES;
				ONLY_ACTIVE_ARCH = YES;
				SDKROOT = iphoneos;
				SWIFT_ACTIVE_COMPILATION_CONDITIONS = "DEBUG $(inherited)";
				SWIFT_OPTIMIZATION_LEVEL = "-Onone";
			};
			name = Debug;
		};
		3335513B2AC282140025C29E /* Release */ = {
			isa = XCBuildConfiguration;
			buildSettings = {
				ALWAYS_SEARCH_USER_PATHS = NO;
				ASSETCATALOG_COMPILER_GENERATE_SWIFT_ASSET_SYMBOL_EXTENSIONS = YES;
				CLANG_ANALYZER_NONNULL = YES;
				CLANG_ANALYZER_NUMBER_OBJECT_CONVERSION = YES_AGGRESSIVE;
				CLANG_CXX_LANGUAGE_STANDARD = "gnu++20";
				CLANG_ENABLE_MODULES = YES;
				CLANG_ENABLE_OBJC_ARC = YES;
				CLANG_ENABLE_OBJC_WEAK = YES;
				CLANG_WARN_BLOCK_CAPTURE_AUTORELEASING = YES;
				CLANG_WARN_BOOL_CONVERSION = YES;
				CLANG_WARN_COMMA = YES;
				CLANG_WARN_CONSTANT_CONVERSION = YES;
				CLANG_WARN_DEPRECATED_OBJC_IMPLEMENTATIONS = YES;
				CLANG_WARN_DIRECT_OBJC_ISA_USAGE = YES_ERROR;
				CLANG_WARN_DOCUMENTATION_COMMENTS = YES;
				CLANG_WARN_EMPTY_BODY = YES;
				CLANG_WARN_ENUM_CONVERSION = YES;
				CLANG_WARN_INFINITE_RECURSION = YES;
				CLANG_WARN_INT_CONVERSION = YES;
				CLANG_WARN_NON_LITERAL_NULL_CONVERSION = YES;
				CLANG_WARN_OBJC_IMPLICIT_RETAIN_SELF = YES;
				CLANG_WARN_OBJC_LITERAL_CONVERSION = YES;
				CLANG_WARN_OBJC_ROOT_CLASS = YES_ERROR;
				CLANG_WARN_QUOTED_INCLUDE_IN_FRAMEWORK_HEADER = YES;
				CLANG_WARN_RANGE_LOOP_ANALYSIS = YES;
				CLANG_WARN_STRICT_PROTOTYPES = YES;
				CLANG_WARN_SUSPICIOUS_MOVE = YES;
				CLANG_WARN_UNGUARDED_AVAILABILITY = YES_AGGRESSIVE;
				CLANG_WARN_UNREACHABLE_CODE = YES;
				CLANG_WARN__DUPLICATE_METHOD_MATCH = YES;
				COPY_PHASE_STRIP = NO;
				DEBUG_INFORMATION_FORMAT = "dwarf-with-dsym";
				ENABLE_NS_ASSERTIONS = NO;
				ENABLE_STRICT_OBJC_MSGSEND = YES;
				ENABLE_USER_SCRIPT_SANDBOXING = YES;
				GCC_C_LANGUAGE_STANDARD = gnu17;
				GCC_NO_COMMON_BLOCKS = YES;
				GCC_WARN_64_TO_32_BIT_CONVERSION = YES;
				GCC_WARN_ABOUT_RETURN_TYPE = YES_ERROR;
				GCC_WARN_UNDECLARED_SELECTOR = YES;
				GCC_WARN_UNINITIALIZED_AUTOS = YES_AGGRESSIVE;
				GCC_WARN_UNUSED_FUNCTION = YES;
				GCC_WARN_UNUSED_VARIABLE = YES;
				IPHONEOS_DEPLOYMENT_TARGET = 14.0;
				LOCALIZATION_PREFERS_STRING_CATALOGS = YES;
				MTL_ENABLE_DEBUG_INFO = NO;
				MTL_FAST_MATH = YES;
				SDKROOT = iphoneos;
				SWIFT_COMPILATION_MODE = wholemodule;
				VALIDATE_PRODUCT = YES;
			};
			name = Release;
		};
		3335513D2AC282140025C29E /* Debug */ = {
			isa = XCBuildConfiguration;
			buildSettings = {
				ASSETCATALOG_COMPILER_APPICON_NAME = AppIcon;
				ASSETCATALOG_COMPILER_GLOBAL_ACCENT_COLOR_NAME = AccentColor;
				CODE_SIGN_STYLE = Automatic;
				CURRENT_PROJECT_VERSION = 1;
				DEVELOPMENT_TEAM = V94RHZNH5T;
				GENERATE_INFOPLIST_FILE = YES;
				INFOPLIST_FILE = AnkiCloneApp/Info.plist;
				INFOPLIST_KEY_UIApplicationSupportsIndirectInputEvents = YES;
				INFOPLIST_KEY_UILaunchStoryboardName = LaunchScreen;
				INFOPLIST_KEY_UISupportedInterfaceOrientations = UIInterfaceOrientationPortrait;
				INFOPLIST_KEY_UISupportedInterfaceOrientations_iPad = "UIInterfaceOrientationLandscapeLeft UIInterfaceOrientationLandscapeRight UIInterfaceOrientationPortrait UIInterfaceOrientationPortraitUpsideDown";
				IPHONEOS_DEPLOYMENT_TARGET = 14.0;
				LD_RUNPATH_SEARCH_PATHS = (
					"$(inherited)",
					"@executable_path/Frameworks",
				);
				MARKETING_VERSION = 1.0;
				PRODUCT_BUNDLE_IDENTIFIER = dev.jinyongp.AnkiCloneApp;
				PRODUCT_NAME = "$(TARGET_NAME)";
				SUPPORTED_PLATFORMS = "iphoneos iphonesimulator";
				SUPPORTS_MACCATALYST = NO;
				SUPPORTS_MAC_DESIGNED_FOR_IPHONE_IPAD = NO;
				SWIFT_EMIT_LOC_STRINGS = YES;
				SWIFT_VERSION = 5.0;
				TARGETED_DEVICE_FAMILY = 1;
			};
			name = Debug;
		};
		3335513E2AC282140025C29E /* Release */ = {
			isa = XCBuildConfiguration;
			buildSettings = {
				ASSETCATALOG_COMPILER_APPICON_NAME = AppIcon;
				ASSETCATALOG_COMPILER_GLOBAL_ACCENT_COLOR_NAME = AccentColor;
				CODE_SIGN_STYLE = Automatic;
				CURRENT_PROJECT_VERSION = 1;
				DEVELOPMENT_TEAM = V94RHZNH5T;
				GENERATE_INFOPLIST_FILE = YES;
				INFOPLIST_FILE = AnkiCloneApp/Info.plist;
				INFOPLIST_KEY_UIApplicationSupportsIndirectInputEvents = YES;
				INFOPLIST_KEY_UILaunchStoryboardName = LaunchScreen;
				INFOPLIST_KEY_UISupportedInterfaceOrientations = UIInterfaceOrientationPortrait;
				INFOPLIST_KEY_UISupportedInterfaceOrientations_iPad = "UIInterfaceOrientationLandscapeLeft UIInterfaceOrientationLandscapeRight UIInterfaceOrientationPortrait UIInterfaceOrientationPortraitUpsideDown";
				IPHONEOS_DEPLOYMENT_TARGET = 14.0;
				LD_RUNPATH_SEARCH_PATHS = (
					"$(inherited)",
					"@executable_path/Frameworks",
				);
				MARKETING_VERSION = 1.0;
				PRODUCT_BUNDLE_IDENTIFIER = dev.jinyongp.AnkiCloneApp;
				PRODUCT_NAME = "$(TARGET_NAME)";
				SUPPORTED_PLATFORMS = "iphoneos iphonesimulator";
				SUPPORTS_MACCATALYST = NO;
				SUPPORTS_MAC_DESIGNED_FOR_IPHONE_IPAD = NO;
				SWIFT_EMIT_LOC_STRINGS = YES;
				SWIFT_VERSION = 5.0;
				TARGETED_DEVICE_FAMILY = 1;
			};
			name = Release;
		};
/* End XCBuildConfiguration section */

/* Begin XCConfigurationList section */
		333551202AC282130025C29E /* Build configuration list for PBXProject "AnkiCloneApp" */ = {
			isa = XCConfigurationList;
			buildConfigurations = (
				3335513A2AC282140025C29E /* Debug */,
				3335513B2AC282140025C29E /* Release */,
			);
			defaultConfigurationIsVisible = 0;
			defaultConfigurationName = Release;
		};
		3335513C2AC282140025C29E /* Build configuration list for PBXNativeTarget "AnkiCloneApp" */ = {
			isa = XCConfigurationList;
			buildConfigurations = (
				3335513D2AC282140025C29E /* Debug */,
				3335513E2AC282140025C29E /* Release */,
			);
			defaultConfigurationIsVisible = 0;
			defaultConfigurationName = Release;
		};
/* End XCConfigurationList section */

/* Begin XCRemoteSwiftPackageReference section */
		331A57442AC2844A0044A94C /* XCRemoteSwiftPackageReference "SnapKit" */ = {
			isa = XCRemoteSwiftPackageReference;
			repositoryURL = "https://github.com/SnapKit/SnapKit.git";
			requirement = {
				kind = upToNextMajorVersion;
				minimumVersion = 5.6.0;
			};
		};
		331A57492AC284940044A94C /* XCRemoteSwiftPackageReference "Publishable" */ = {
			isa = XCRemoteSwiftPackageReference;
			repositoryURL = "https://github.com/jinyongp/Publishable";
			requirement = {
				kind = upToNextMajorVersion;
				minimumVersion = 1.4.0;
			};
		};
		331A574C2AC284E00044A94C /* XCRemoteSwiftPackageReference "EventBus" */ = {
			isa = XCRemoteSwiftPackageReference;
			repositoryURL = "https://github.com/swiftarium/EventBus";
			requirement = {
				kind = upToNextMajorVersion;
				minimumVersion = 1.1.1;
			};
		};
/* End XCRemoteSwiftPackageReference section */

/* Begin XCSwiftPackageProductDependency section */
		331A57452AC2844A0044A94C /* SnapKit */ = {
			isa = XCSwiftPackageProductDependency;
			package = 331A57442AC2844A0044A94C /* XCRemoteSwiftPackageReference "SnapKit" */;
			productName = SnapKit;
		};
		331A574A2AC284940044A94C /* Publishable */ = {
			isa = XCSwiftPackageProductDependency;
			package = 331A57492AC284940044A94C /* XCRemoteSwiftPackageReference "Publishable" */;
			productName = Publishable;
		};
		331A574D2AC284E00044A94C /* EventBus */ = {
			isa = XCSwiftPackageProductDependency;
			package = 331A574C2AC284E00044A94C /* XCRemoteSwiftPackageReference "EventBus" */;
			productName = EventBus;
		};
/* End XCSwiftPackageProductDependency section */

/* Begin XCVersionGroup section */
		333551312AC282130025C29E /* CoreData.xcdatamodeld */ = {
			isa = XCVersionGroup;
			children = (
				333551322AC282130025C29E /* AnkiCloneApp.xcdatamodel */,
			);
			currentVersion = 333551322AC282130025C29E /* AnkiCloneApp.xcdatamodel */;
			path = CoreData.xcdatamodeld;
			sourceTree = "<group>";
			versionGroupType = wrapper.xcdatamodel;
		};
/* End XCVersionGroup section */
	};
	rootObject = 3335511D2AC282130025C29E /* Project object */;
}
